# THIS IS AN AUTOGENERATED FILE. DO NOT EDIT THIS FILE DIRECTLY.
# yarn lockfile v1


deepmerge@^1.4.4:
  version "1.4.4"
  resolved "https://registry.yarnpkg.com/deepmerge/-/deepmerge-1.4.4.tgz#40ef393c91af09d16a887e755337844230ad14c9"

vuelidate@^0.5.0:
  version "0.5.0"
  resolved "https://registry.yarnpkg.com/vuelidate/-/vuelidate-0.5.0.tgz#c315659a023e760d0fb11b6b42b6c3cdf08306c3"
